
Microsoft Visual Studio Solution File, Format Version 12.00
# Visual Studio Version 17
VisualStudioVersion = 17.5.33627.172
MinimumVisualStudioVersion = 10.0.40219.1
Project("{8BC9CEB8-8B4A-11D0-8D11-00A0C91BC942}") = "lab_1_basics", "lab_1_basics\lab_1_basics.vcxproj", "{B50F9F47-C72C-443F-A494-D5DC138A1468}"
EndProject
Project("{8BC9CEB8-8B4A-11D0-8D11-00A0C91BC942}") = "lab_2_colored_square", "lab_2_colored_square\lab_2_colored_square.vcxproj", "{C1F31C50-AAF0-4FB9-8AEC-14497708B507}"
EndProject
Project("{8BC9CEB8-8B4A-11D0-8D11-00A0C91BC942}") = "lab_3_affine_transformations", "lab_3_affine_transfromations\lab_3_affine_transfromations.vcxproj", "{1F8D2C7A-719D-43C4-BE9B-9369E0D55E26}"
EndProject
Project("{8BC9CEB8-8B4A-11D0-8D11-00A0C91BC942}") = "lab_4_affine_3d_simple_cube", "lab_4_affine_3d_simple_cube\lab_4_affine_3d_simple_cube.vcxproj", "{81D2DCF3-B1E2-4830-9E03-68C2D7D50373}"
EndProject
Global
	GlobalSection(SolutionConfigurationPlatforms) = preSolution
		Debug|x64 = Debug|x64
		Debug|x86 = Debug|x86
		Release|x64 = Release|x64
		Release|x86 = Release|x86
	EndGlobalSection
	GlobalSection(ProjectConfigurationPlatforms) = postSolution
		{B50F9F47-C72C-443F-A494-D5DC138A1468}.Debug|x64.ActiveCfg = Debug|x64
		{B50F9F47-C72C-443F-A494-D5DC138A1468}.Debug|x64.Build.0 = Debug|x64
		{B50F9F47-C72C-443F-A494-D5DC138A1468}.Debug|x86.ActiveCfg = Debug|Win32
		{B50F9F47-C72C-443F-A494-D5DC138A1468}.Debug|x86.Build.0 = Debug|Win32
		{B50F9F47-C72C-443F-A494-D5DC138A1468}.Release|x64.ActiveCfg = Release|x64
		{B50F9F47-C72C-443F-A494-D5DC138A1468}.Release|x64.Build.0 = Release|x64
		{B50F9F47-C72C-443F-A494-D5DC138A1468}.Release|x86.ActiveCfg = Release|Win32
		{B50F9F47-C72C-443F-A494-D5DC138A1468}.Release|x86.Build.0 = Release|Win32
		{C1F31C50-AAF0-4FB9-8AEC-14497708B507}.Debug|x64.ActiveCfg = Debug|x64
		{C1F31C50-AAF0-4FB9-8AEC-14497708B507}.Debug|x64.Build.0 = Debug|x64
		{C1F31C50-AAF0-4FB9-8AEC-14497708B507}.Debug|x86.ActiveCfg = Debug|Win32
		{C1F31C50-AAF0-4FB9-8AEC-14497708B507}.Debug|x86.Build.0 = Debug|Win32
		{C1F31C50-AAF0-4FB9-8AEC-14497708B507}.Release|x64.ActiveCfg = Release|x64
		{C1F31C50-AAF0-4FB9-8AEC-14497708B507}.Release|x64.Build.0 = Release|x64
		{C1F31C50-AAF0-4FB9-8AEC-14497708B507}.Release|x86.ActiveCfg = Release|Win32
		{C1F31C50-AAF0-4FB9-8AEC-14497708B507}.Release|x86.Build.0 = Release|Win32
		{1F8D2C7A-719D-43C4-BE9B-9369E0D55E26}.Debug|x64.ActiveCfg = Debug|x64
		{1F8D2C7A-719D-43C4-BE9B-9369E0D55E26}.Debug|x64.Build.0 = Debug|x64
		{1F8D2C7A-719D-43C4-BE9B-9369E0D55E26}.Debug|x86.ActiveCfg = Debug|Win32
		{1F8D2C7A-719D-43C4-BE9B-9369E0D55E26}.Debug|x86.Build.0 = Debug|Win32
		{1F8D2C7A-719D-43C4-BE9B-9369E0D55E26}.Release|x64.ActiveCfg = Release|x64
		{1F8D2C7A-719D-43C4-BE9B-9369E0D55E26}.Release|x64.Build.0 = Release|x64
		{1F8D2C7A-719D-43C4-BE9B-9369E0D55E26}.Release|x86.ActiveCfg = Release|Win32
		{1F8D2C7A-719D-43C4-BE9B-9369E0D55E26}.Release|x86.Build.0 = Release|Win32
		{81D2DCF3-B1E2-4830-9E03-68C2D7D50373}.Debug|x64.ActiveCfg = Debug|x64
		{81D2DCF3-B1E2-4830-9E03-68C2D7D50373}.Debug|x64.Build.0 = Debug|x64
		{81D2DCF3-B1E2-4830-9E03-68C2D7D50373}.Debug|x86.ActiveCfg = Debug|Win32
		{81D2DCF3-B1E2-4830-9E03-68C2D7D50373}.Debug|x86.Build.0 = Debug|Win32
		{81D2DCF3-B1E2-4830-9E03-68C2D7D50373}.Release|x64.ActiveCfg = Release|x64
		{81D2DCF3-B1E2-4830-9E03-68C2D7D50373}.Release|x64.Build.0 = Release|x64
		{81D2DCF3-B1E2-4830-9E03-68C2D7D50373}.Release|x86.ActiveCfg = Release|Win32
		{81D2DCF3-B1E2-4830-9E03-68C2D7D50373}.Release|x86.Build.0 = Release|Win32
	EndGlobalSection
	GlobalSection(SolutionProperties) = preSolution
		HideSolutionNode = FALSE
	EndGlobalSection
	GlobalSection(ExtensibilityGlobals) = postSolution
		SolutionGuid = {8356CAF2-4C1B-4754-A78A-635826A8B641}
	EndGlobalSection
EndGlobal
